{
  "version": 4,
  "terraform_version": "1.5.7",
  "serial": 111,
  "lineage": "4fe849ba-036b-5f9d-0612-b5e4599b15f0",
  "outputs": {},
  "resources": [
    {
      "mode": "managed",
      "type": "confluent_environment",
      "name": "staging",
      "provider": "provider[\"registry.terraform.io/confluentinc/confluent\"]",
      "instances": [
        {
          "schema_version": 0,
          "attributes": {
            "display_name": "POC-Terraform-Confluent",
            "id": "env-23rj1q",
            "resource_name": "crn://confluent.cloud/organization=58041caa-0b82-4e51-8b69-417e4d4fb46c/environment=env-23rj1q"
          },
          "sensitive_attributes": [],
          "private": "bnVsbA=="
        }
      ]
    },
    {
      "mode": "managed",
      "type": "confluent_kafka_cluster",
      "name": "standard",
      "provider": "provider[\"registry.terraform.io/confluentinc/confluent\"]",
      "instances": [
        {
          "schema_version": 1,
          "attributes": {
            "api_version": "cmk/v2",
            "availability": "SINGLE_ZONE",
            "basic": [],
            "bootstrap_endpoint": "SASL_SSL://pkc-7xoy1.eu-central-1.aws.confluent.cloud:9092",
            "byok_key": [
              {
                "id": ""
              }
            ],
            "cloud": "AWS",
            "dedicated": [],
            "display_name": "Coding-Session",
            "enterprise": [],
            "environment": [
              {
                "id": "env-23rj1q"
              }
            ],
            "id": "lkc-5mknx2",
            "kind": "Cluster",
            "network": [
              {
                "id": ""
              }
            ],
            "rbac_crn": "crn://confluent.cloud/organization=58041caa-0b82-4e51-8b69-417e4d4fb46c/environment=env-23rj1q/cloud-cluster=lkc-5mknx2",
            "region": "eu-central-1",
            "rest_endpoint": "https://pkc-7xoy1.eu-central-1.aws.confluent.cloud:443",
            "standard": [
              {}
            ],
            "timeouts": null
          },
          "sensitive_attributes": [],
          "private": "eyJlMmJmYjczMC1lY2FhLTExZTYtOGY4OC0zNDM2M2JjN2M0YzAiOnsiY3JlYXRlIjoyNTkyMDAwMDAwMDAwMDAsInVwZGF0ZSI6MjU5MjAwMDAwMDAwMDAwfSwic2NoZW1hX3ZlcnNpb24iOiIxIn0=",
          "dependencies": [
            "confluent_environment.staging"
          ]
        }
      ]
    }
  ],
  "check_results": null
}
