{
  "version": 4,
  "terraform_version": "1.5.7",
  "serial": 41,
  "lineage": "4fe849ba-036b-5f9d-0612-b5e4599b15f0",
  "outputs": {
    "resource-ids": {
      "value": "Environment ID:   env-o2q9mo\nKafka Cluster ID: lkc-z3on03\nKafka topic name: orders\n\napp-manager:                     sa-1drwoj\napp-manager's Kafka API Key:     \"HVOEL4DA6KMWSVBL\"\napp-manager's Kafka API Secret:  \"MZogbhJ8Y1zD3u2h22uKolBLefwk55VfPJJNxrs/NCZIDprWWGri6uvA3P7rKq6S\"\n\napp-producer:                    sa-o59xnx\napp-producer's Kafka API Key:    \"JZSTW7QAJI3ZNPVL\"\napp-producer's Kafka API Secret: \"DyZXaJVQtFjH7IVU80wUUWf8RK39HZtKxSHYeKpKbj98QgxHqhFSNMj782kdT8uC\"\n\napp-consumer:                    sa-7o6q9p\napp-consumer's Kafka API Key:    \"GIGRGI43PSCJARYJ\"\napp-consumer's Kafka API Secret: \"qZxL1XX7g8cS/xcBcOLTGNkfNXwIx/zOTYFY3h4AvrKeFmRRLZQAe4kI+52TQQgB\"\n\n### Schema\nStream Governance Package: \"lsrc-6o5zm3\"\nStream Governance Package's Rest Endpoint: \"https://psrc-do01d.eu-central-1.aws.confluent.cloud\"\n  \n### Flink Cluster\nFlink-Coding-Session: \"lfcp-dg78mo\"\nFlink-Coding-Session's Rest Endpoint: \"https://flink.eu-central-1.aws.confluent.cloud/sql/v1beta1/organizations/58041caa-0b82-4e51-8b69-417e4d4fb46c/environments/env-o2q9mo\"\n\n### Gib diesen Befehl ein um mit der CLI in deinem Flink Cluster zu kommen\n\n$ confluent flink shell --compute-pool lfcp-dg78mo --environment env-o2q9mo\n",
      "type": "string",
      "sensitive": true
    }
  },
  "resources": [
    {
      "mode": "data",
      "type": "confluent_schema_registry_region",
      "name": "essentials",
      "provider": "provider[\"registry.terraform.io/confluentinc/confluent\"]",
      "instances": [
        {
          "schema_version": 0,
          "attributes": {
            "cloud": "AWS",
            "id": "sgreg-3",
            "package": "ESSENTIALS",
            "region": "eu-central-1"
          },
          "sensitive_attributes": []
        }
      ]
    },
    {
      "mode": "managed",
      "type": "confluent_api_key",
      "name": "app-consumer-kafka-api-key",
      "provider": "provider[\"registry.terraform.io/confluentinc/confluent\"]",
      "instances": [
        {
          "schema_version": 0,
          "attributes": {
            "description": "Kafka API Key that is owned by 'app-consumer' service account",
            "disable_wait_for_ready": false,
            "display_name": "app-consumer-kafka-api-key",
            "id": "GIGRGI43PSCJARYJ",
            "managed_resource": [
              {
                "api_version": "cmk/v2",
                "environment": [
                  {
                    "id": "env-o2q9mo"
                  }
                ],
                "id": "lkc-z3on03",
                "kind": "Cluster"
              }
            ],
            "owner": [
              {
                "api_version": "iam/v2",
                "id": "sa-7o6q9p",
                "kind": "ServiceAccount"
              }
            ],
            "secret": "qZxL1XX7g8cS/xcBcOLTGNkfNXwIx/zOTYFY3h4AvrKeFmRRLZQAe4kI+52TQQgB"
          },
          "sensitive_attributes": [],
          "private": "bnVsbA==",
          "dependencies": [
            "confluent_environment.staging",
            "confluent_kafka_cluster.standard",
            "confluent_service_account.app-consumer"
          ]
        }
      ]
    },
    {
      "mode": "managed",
      "type": "confluent_api_key",
      "name": "app-manager-kafka-api-key",
      "provider": "provider[\"registry.terraform.io/confluentinc/confluent\"]",
      "instances": [
        {
          "schema_version": 0,
          "attributes": {
            "description": "Kafka API Key that is owned by 'app-manager' service account",
            "disable_wait_for_ready": false,
            "display_name": "app-manager-kafka-api-key",
            "id": "HVOEL4DA6KMWSVBL",
            "managed_resource": [
              {
                "api_version": "cmk/v2",
                "environment": [
                  {
                    "id": "env-o2q9mo"
                  }
                ],
                "id": "lkc-z3on03",
                "kind": "Cluster"
              }
            ],
            "owner": [
              {
                "api_version": "iam/v2",
                "id": "sa-1drwoj",
                "kind": "ServiceAccount"
              }
            ],
            "secret": "MZogbhJ8Y1zD3u2h22uKolBLefwk55VfPJJNxrs/NCZIDprWWGri6uvA3P7rKq6S"
          },
          "sensitive_attributes": [],
          "private": "bnVsbA==",
          "dependencies": [
            "confluent_environment.staging",
            "confluent_kafka_cluster.standard",
            "confluent_role_binding.app-manager-kafka-cluster-admin",
            "confluent_service_account.app-manager"
          ]
        }
      ]
    },
    {
      "mode": "managed",
      "type": "confluent_api_key",
      "name": "app-producer-kafka-api-key",
      "provider": "provider[\"registry.terraform.io/confluentinc/confluent\"]",
      "instances": [
        {
          "schema_version": 0,
          "attributes": {
            "description": "Kafka API Key that is owned by 'app-producer' service account",
            "disable_wait_for_ready": false,
            "display_name": "app-producer-kafka-api-key",
            "id": "JZSTW7QAJI3ZNPVL",
            "managed_resource": [
              {
                "api_version": "cmk/v2",
                "environment": [
                  {
                    "id": "env-o2q9mo"
                  }
                ],
                "id": "lkc-z3on03",
                "kind": "Cluster"
              }
            ],
            "owner": [
              {
                "api_version": "iam/v2",
                "id": "sa-o59xnx",
                "kind": "ServiceAccount"
              }
            ],
            "secret": "DyZXaJVQtFjH7IVU80wUUWf8RK39HZtKxSHYeKpKbj98QgxHqhFSNMj782kdT8uC"
          },
          "sensitive_attributes": [],
          "private": "bnVsbA==",
          "dependencies": [
            "confluent_environment.staging",
            "confluent_kafka_cluster.standard",
            "confluent_service_account.app-producer"
          ]
        }
      ]
    },
    {
      "mode": "managed",
      "type": "confluent_environment",
      "name": "staging",
      "provider": "provider[\"registry.terraform.io/confluentinc/confluent\"]",
      "instances": [
        {
          "schema_version": 0,
          "attributes": {
            "display_name": "POC-Terraform-Confluent",
            "id": "env-o2q9mo",
            "resource_name": "crn://confluent.cloud/organization=58041caa-0b82-4e51-8b69-417e4d4fb46c/environment=env-o2q9mo"
          },
          "sensitive_attributes": [],
          "private": "bnVsbA=="
        }
      ]
    },
    {
      "mode": "managed",
      "type": "confluent_flink_compute_pool",
      "name": "main",
      "provider": "provider[\"registry.terraform.io/confluentinc/confluent\"]",
      "instances": [
        {
          "schema_version": 0,
          "attributes": {
            "api_version": "fcpm/v2",
            "cloud": "AWS",
            "current_cfu": 0,
            "display_name": "Flink-Coding-Session",
            "environment": [
              {
                "id": "env-o2q9mo"
              }
            ],
            "id": "lfcp-dg78mo",
            "kind": "ComputePool",
            "max_cfu": 5,
            "region": "eu-central-1",
            "resource_name": "crn://confluent.cloud/organization=58041caa-0b82-4e51-8b69-417e4d4fb46c/environment=env-o2q9mo/flink-region=aws.eu-central-1/compute-pool=lfcp-dg78mo",
            "rest_endpoint": "https://flink.eu-central-1.aws.confluent.cloud/sql/v1beta1/organizations/58041caa-0b82-4e51-8b69-417e4d4fb46c/environments/env-o2q9mo",
            "timeouts": null
          },
          "sensitive_attributes": [],
          "private": "eyJlMmJmYjczMC1lY2FhLTExZTYtOGY4OC0zNDM2M2JjN2M0YzAiOnsiY3JlYXRlIjozNjAwMDAwMDAwMDAwLCJkZWxldGUiOjM2MDAwMDAwMDAwMDB9fQ==",
          "dependencies": [
            "confluent_environment.staging"
          ]
        }
      ]
    },
    {
      "mode": "managed",
      "type": "confluent_kafka_cluster",
      "name": "standard",
      "provider": "provider[\"registry.terraform.io/confluentinc/confluent\"]",
      "instances": [
        {
          "schema_version": 1,
          "attributes": {
            "api_version": "cmk/v2",
            "availability": "SINGLE_ZONE",
            "basic": [],
            "bootstrap_endpoint": "SASL_SSL://pkc-7xoy1.eu-central-1.aws.confluent.cloud:9092",
            "byok_key": [
              {
                "id": ""
              }
            ],
            "cloud": "AWS",
            "dedicated": [],
            "display_name": "Coding-Session",
            "enterprise": [],
            "environment": [
              {
                "id": "env-o2q9mo"
              }
            ],
            "id": "lkc-z3on03",
            "kind": "Cluster",
            "network": [
              {
                "id": ""
              }
            ],
            "rbac_crn": "crn://confluent.cloud/organization=58041caa-0b82-4e51-8b69-417e4d4fb46c/environment=env-o2q9mo/cloud-cluster=lkc-z3on03",
            "region": "eu-central-1",
            "rest_endpoint": "https://pkc-7xoy1.eu-central-1.aws.confluent.cloud:443",
            "standard": [
              {}
            ],
            "timeouts": null
          },
          "sensitive_attributes": [],
          "private": "eyJlMmJmYjczMC1lY2FhLTExZTYtOGY4OC0zNDM2M2JjN2M0YzAiOnsiY3JlYXRlIjoyNTkyMDAwMDAwMDAwMDAsInVwZGF0ZSI6MjU5MjAwMDAwMDAwMDAwfSwic2NoZW1hX3ZlcnNpb24iOiIxIn0=",
          "dependencies": [
            "confluent_environment.staging"
          ]
        }
      ]
    },
    {
      "mode": "managed",
      "type": "confluent_kafka_topic",
      "name": "orders",
      "provider": "provider[\"registry.terraform.io/confluentinc/confluent\"]",
      "instances": [
        {
          "schema_version": 2,
          "attributes": {
            "config": {},
            "credentials": [
              {
                "key": "HVOEL4DA6KMWSVBL",
                "secret": "MZogbhJ8Y1zD3u2h22uKolBLefwk55VfPJJNxrs/NCZIDprWWGri6uvA3P7rKq6S"
              }
            ],
            "id": "lkc-z3on03/orders",
            "kafka_cluster": [
              {
                "id": "lkc-z3on03"
              }
            ],
            "partitions_count": 6,
            "rest_endpoint": "https://pkc-7xoy1.eu-central-1.aws.confluent.cloud:443",
            "topic_name": "orders"
          },
          "sensitive_attributes": [
            [
              {
                "type": "get_attr",
                "value": "credentials"
              },
              {
                "type": "index",
                "value": {
                  "value": 0,
                  "type": "number"
                }
              },
              {
                "type": "get_attr",
                "value": "secret"
              }
            ]
          ],
          "private": "eyJzY2hlbWFfdmVyc2lvbiI6IjIifQ==",
          "dependencies": [
            "confluent_api_key.app-manager-kafka-api-key",
            "confluent_environment.staging",
            "confluent_kafka_cluster.standard",
            "confluent_role_binding.app-manager-kafka-cluster-admin",
            "confluent_service_account.app-manager"
          ]
        }
      ]
    },
    {
      "mode": "managed",
      "type": "confluent_role_binding",
      "name": "app-consumer-developer-read-from-group",
      "provider": "provider[\"registry.terraform.io/confluentinc/confluent\"]",
      "instances": [
        {
          "schema_version": 0,
          "attributes": {
            "crn_pattern": "crn://confluent.cloud/organization=58041caa-0b82-4e51-8b69-417e4d4fb46c/environment=env-o2q9mo/cloud-cluster=lkc-z3on03/kafka=lkc-z3on03/group=confluent_cli_consumer_*",
            "id": "rb-Q1G6E",
            "principal": "User:sa-7o6q9p",
            "role_name": "DeveloperRead"
          },
          "sensitive_attributes": [],
          "private": "bnVsbA==",
          "dependencies": [
            "confluent_environment.staging",
            "confluent_kafka_cluster.standard",
            "confluent_service_account.app-consumer"
          ]
        }
      ]
    },
    {
      "mode": "managed",
      "type": "confluent_role_binding",
      "name": "app-consumer-developer-read-from-topic",
      "provider": "provider[\"registry.terraform.io/confluentinc/confluent\"]",
      "instances": [
        {
          "schema_version": 0,
          "attributes": {
            "crn_pattern": "crn://confluent.cloud/organization=58041caa-0b82-4e51-8b69-417e4d4fb46c/environment=env-o2q9mo/cloud-cluster=lkc-z3on03/kafka=lkc-z3on03/topic=orders",
            "id": "rb-3rPzL",
            "principal": "User:sa-7o6q9p",
            "role_name": "DeveloperRead"
          },
          "sensitive_attributes": [],
          "private": "bnVsbA==",
          "dependencies": [
            "confluent_api_key.app-manager-kafka-api-key",
            "confluent_environment.staging",
            "confluent_kafka_cluster.standard",
            "confluent_kafka_topic.orders",
            "confluent_role_binding.app-manager-kafka-cluster-admin",
            "confluent_service_account.app-consumer",
            "confluent_service_account.app-manager"
          ]
        }
      ]
    },
    {
      "mode": "managed",
      "type": "confluent_role_binding",
      "name": "app-manager-kafka-cluster-admin",
      "provider": "provider[\"registry.terraform.io/confluentinc/confluent\"]",
      "instances": [
        {
          "schema_version": 0,
          "attributes": {
            "crn_pattern": "crn://confluent.cloud/organization=58041caa-0b82-4e51-8b69-417e4d4fb46c/environment=env-o2q9mo/cloud-cluster=lkc-z3on03",
            "id": "rb-qXYVR",
            "principal": "User:sa-1drwoj",
            "role_name": "CloudClusterAdmin"
          },
          "sensitive_attributes": [],
          "private": "bnVsbA==",
          "dependencies": [
            "confluent_environment.staging",
            "confluent_kafka_cluster.standard",
            "confluent_service_account.app-manager"
          ]
        }
      ]
    },
    {
      "mode": "managed",
      "type": "confluent_role_binding",
      "name": "app-producer-developer-write",
      "provider": "provider[\"registry.terraform.io/confluentinc/confluent\"]",
      "instances": [
        {
          "schema_version": 0,
          "attributes": {
            "crn_pattern": "crn://confluent.cloud/organization=58041caa-0b82-4e51-8b69-417e4d4fb46c/environment=env-o2q9mo/cloud-cluster=lkc-z3on03/kafka=lkc-z3on03/topic=orders",
            "id": "rb-YE17X",
            "principal": "User:sa-o59xnx",
            "role_name": "DeveloperWrite"
          },
          "sensitive_attributes": [],
          "private": "bnVsbA==",
          "dependencies": [
            "confluent_api_key.app-manager-kafka-api-key",
            "confluent_environment.staging",
            "confluent_kafka_cluster.standard",
            "confluent_kafka_topic.orders",
            "confluent_role_binding.app-manager-kafka-cluster-admin",
            "confluent_service_account.app-manager",
            "confluent_service_account.app-producer"
          ]
        }
      ]
    },
    {
      "mode": "managed",
      "type": "confluent_schema_registry_cluster",
      "name": "essentials",
      "provider": "provider[\"registry.terraform.io/confluentinc/confluent\"]",
      "instances": [
        {
          "schema_version": 0,
          "attributes": {
            "api_version": "srcm/v2",
            "display_name": "Stream Governance Package",
            "environment": [
              {
                "id": "env-o2q9mo"
              }
            ],
            "id": "lsrc-6o5zm3",
            "kind": "Cluster",
            "package": "ESSENTIALS",
            "region": [
              {
                "id": "sgreg-3"
              }
            ],
            "resource_name": "crn://confluent.cloud/organization=58041caa-0b82-4e51-8b69-417e4d4fb46c/environment=env-o2q9mo/schema-registry=lsrc-6o5zm3",
            "rest_endpoint": "https://psrc-do01d.eu-central-1.aws.confluent.cloud"
          },
          "sensitive_attributes": [],
          "private": "bnVsbA==",
          "dependencies": [
            "confluent_environment.staging",
            "data.confluent_schema_registry_region.essentials"
          ]
        }
      ]
    },
    {
      "mode": "managed",
      "type": "confluent_service_account",
      "name": "app-consumer",
      "provider": "provider[\"registry.terraform.io/confluentinc/confluent\"]",
      "instances": [
        {
          "schema_version": 0,
          "attributes": {
            "api_version": "iam/v2",
            "description": "Service account to consume from 'orders' topic of 'Coding-Session' Kafka cluster",
            "display_name": "app-consumer",
            "id": "sa-7o6q9p",
            "kind": "ServiceAccount"
          },
          "sensitive_attributes": [],
          "private": "bnVsbA=="
        }
      ]
    },
    {
      "mode": "managed",
      "type": "confluent_service_account",
      "name": "app-manager",
      "provider": "provider[\"registry.terraform.io/confluentinc/confluent\"]",
      "instances": [
        {
          "schema_version": 0,
          "attributes": {
            "api_version": "iam/v2",
            "description": "Service account to manage 'standard' Kafka cluster",
            "display_name": "app-manager",
            "id": "sa-1drwoj",
            "kind": "ServiceAccount"
          },
          "sensitive_attributes": [],
          "private": "bnVsbA=="
        }
      ]
    },
    {
      "mode": "managed",
      "type": "confluent_service_account",
      "name": "app-producer",
      "provider": "provider[\"registry.terraform.io/confluentinc/confluent\"]",
      "instances": [
        {
          "schema_version": 0,
          "attributes": {
            "api_version": "iam/v2",
            "description": "Service account to produce to 'orders' topic of 'Coding-Session' Kafka cluster",
            "display_name": "app-producer",
            "id": "sa-o59xnx",
            "kind": "ServiceAccount"
          },
          "sensitive_attributes": [],
          "private": "bnVsbA=="
        }
      ]
    }
  ],
  "check_results": null
}
